
Microsoft Visual Studio Solution File, Format Version 12.00
# Visual Studio Version 17
VisualStudioVersion = 17.10.35004.147
MinimumVisualStudioVersion = 10.0.40219.1
Project("{F184B08F-C81C-45F6-A57F-5ABD9991F28F}") = "SlidelyFormsApp", "SlidelyFormsApp.vbproj", "{F8F9AD7A-05CF-4041-B44E-EFAC8DE8C080}"
EndProject
Global
	GlobalSection(SolutionConfigurationPlatforms) = preSolution
		Debug|Any CPU = Debug|Any CPU
		Release|Any CPU = Release|Any CPU
	EndGlobalSection
	GlobalSection(ProjectConfigurationPlatforms) = postSolution
		{F8F9AD7A-05CF-4041-B44E-EFAC8DE8C080}.Debug|Any CPU.ActiveCfg = Debug|Any CPU
		{F8F9AD7A-05CF-4041-B44E-EFAC8DE8C080}.Debug|Any CPU.Build.0 = Debug|Any CPU
		{F8F9AD7A-05CF-4041-B44E-EFAC8DE8C080}.Release|Any CPU.ActiveCfg = Release|Any CPU
		{F8F9AD7A-05CF-4041-B44E-EFAC8DE8C080}.Release|Any CPU.Build.0 = Release|Any CPU
	EndGlobalSection
	GlobalSection(SolutionProperties) = preSolution
		HideSolutionNode = FALSE
	EndGlobalSection
	GlobalSection(ExtensibilityGlobals) = postSolution
		SolutionGuid = {A59B85E4-6B80-478B-89B8-CF80756972F8}
	EndGlobalSection
EndGlobal
